// !$*UTF8*$!
{
	archiveVersion = 1;
	classes = {
	};
	objectVersion = 50;
	objects = {

/* Begin PBXBuildFile section */
		ED2FEBCB23E99D580078E2E8 /* AppDelegate.swift in Sources */ = {isa = PBXBuildFile; fileRef = ED2FEBCA23E99D580078E2E8 /* AppDelegate.swift */; };
		ED2FEBCD23E99D580078E2E8 /* ViewController.swift in Sources */ = {isa = PBXBuildFile; fileRef = ED2FEBCC23E99D580078E2E8 /* ViewController.swift */; };
		ED2FEBD023E99D580078E2E8 /* Main.storyboard in Resources */ = {isa = PBXBuildFile; fileRef = ED2FEBCE23E99D580078E2E8 /* Main.storyboard */; };
		ED2FEBD223E99D590078E2E8 /* Assets.xcassets in Resources */ = {isa = PBXBuildFile; fileRef = ED2FEBD123E99D590078E2E8 /* Assets.xcassets */; };
		ED2FEBD523E99D590078E2E8 /* LaunchScreen.storyboard in Resources */ = {isa = PBXBuildFile; fileRef = ED2FEBD323E99D590078E2E8 /* LaunchScreen.storyboard */; };
		ED2FEBDD23E99E280078E2E8 /* encryptViewController.swift in Sources */ = {isa = PBXBuildFile; fileRef = ED2FEBDC23E99E270078E2E8 /* encryptViewController.swift */; };
		ED2FEBE123E99F430078E2E8 /* decryptViewController.swift in Sources */ = {isa = PBXBuildFile; fileRef = ED2FEBE023E99F430078E2E8 /* decryptViewController.swift */; };
/* End PBXBuildFile section */

/* Begin PBXFileReference section */
		ED2FEBC723E99D580078E2E8 /* encryptDecrypt.app */ = {isa = PBXFileReference; explicitFileType = wrapper.application; includeInIndex = 0; path = encryptDecrypt.app; sourceTree = BUILT_PRODUCTS_DIR; };
		ED2FEBCA23E99D580078E2E8 /* AppDelegate.swift */ = {isa = PBXFileReference; lastKnownFileType = sourcecode.swift; path = AppDelegate.swift; sourceTree = "<group>"; };
		ED2FEBCC23E99D580078E2E8 /* ViewController.swift */ = {isa = PBXFileReference; lastKnownFileType = sourcecode.swift; path = ViewController.swift; sourceTree = "<group>"; };
		ED2FEBCF23E99D580078E2E8 /* Base */ = {isa = PBXFileReference; lastKnownFileType = file.storyboard; name = Base; path = Base.lproj/Main.storyboard; sourceTree = "<group>"; };
		ED2FEBD123E99D590078E2E8 /* Assets.xcassets */ = {isa = PBXFileReference; lastKnownFileType = folder.assetcatalog; path = Assets.xcassets; sourceTree = "<group>"; };
		ED2FEBD423E99D590078E2E8 /* Base */ = {isa = PBXFileReference; lastKnownFileType = file.storyboard; name = Base; path = Base.lproj/LaunchScreen.storyboard; sourceTree = "<group>"; };
		ED2FEBD623E99D590078E2E8 /* Info.plist */ = {isa = PBXFileReference; lastKnownFileType = text.plist.xml; path = Info.plist; sourceTree = "<group>"; };
		ED2FEBDC23E99E270078E2E8 /* encryptViewController.swift */ = {isa = PBXFileReference; lastKnownFileType = sourcecode.swift; path = encryptViewController.swift; sourceTree = "<group>"; };
		ED2FEBE023E99F430078E2E8 /* decryptViewController.swift */ = {isa = PBXFileReference; lastKnownFileType = sourcecode.swift; path = decryptViewController.swift; sourceTree = "<group>"; };
/* End PBXFileReference section */

/* Begin PBXFrameworksBuildPhase section */
		ED2FEBC423E99D580078E2E8 /* Frameworks */ = {
			isa = PBXFrameworksBuildPhase;
			buildActionMask = 2147483647;
			files = (
			);
			runOnlyForDeploymentPostprocessing = 0;
		};
/* End PBXFrameworksBuildPhase section */

/* Begin PBXGroup section */
		ED2FEBBE23E99D580078E2E8 = {
			isa = PBXGroup;
			children = (
				ED2FEBC923E99D580078E2E8 /* encryptDecrypt */,
				ED2FEBC823E99D580078E2E8 /* Products */,
			);
			sourceTree = "<group>";
		};
		ED2FEBC823E99D580078E2E8 /* Products */ = {
			isa = PBXGroup;
			children = (
				ED2FEBC723E99D580078E2E8 /* encryptDecrypt.app */,
			);
			name = Products;
			sourceTree = "<group>";
		};
		ED2FEBC923E99D580078E2E8 /* encryptDecrypt */ = {
			isa = PBXGroup;
			children = (
				ED2FEBCA23E99D580078E2E8 /* AppDelegate.swift */,
				ED2FEBCC23E99D580078E2E8 /* ViewController.swift */,
				ED2FEBDC23E99E270078E2E8 /* encryptViewController.swift */,
				ED2FEBCE23E99D580078E2E8 /* Main.storyboard */,
				ED2FEBD123E99D590078E2E8 /* Assets.xcassets */,
				ED2FEBD323E99D590078E2E8 /* LaunchScreen.storyboard */,
				ED2FEBD623E99D590078E2E8 /* Info.plist */,
				ED2FEBE023E99F430078E2E8 /* decryptViewController.swift */,
			);
			path = encryptDecrypt;
			sourceTree = "<group>";
		};
/* End PBXGroup section */

/* Begin PBXNativeTarget section */
		ED2FEBC623E99D580078E2E8 /* encryptDecrypt */ = {
			isa = PBXNativeTarget;
			buildConfigurationList = ED2FEBD923E99D590078E2E8 /* Build configuration list for PBXNativeTarget "encryptDecrypt" */;
			buildPhases = (
				ED2FEBC323E99D580078E2E8 /* Sources */,
				ED2FEBC423E99D580078E2E8 /* Frameworks */,
				ED2FEBC523E99D580078E2E8 /* Resources */,
			);
			buildRules = (
			);
			dependencies = (
			);
			name = encryptDecrypt;
			productName = encryptDecrypt;
			productReference = ED2FEBC723E99D580078E2E8 /* encryptDecrypt.app */;
			productType = "com.apple.product-type.application";
		};
/* End PBXNativeTarget section */

/* Begin PBXProject section */
		ED2FEBBF23E99D580078E2E8 /* Project object */ = {
			isa = PBXProject;
			attributes = {
				LastSwiftUpdateCheck = 1010;
				LastUpgradeCheck = 1010;
				ORGANIZATIONNAME = Centura;
				TargetAttributes = {
					ED2FEBC623E99D580078E2E8 = {
						CreatedOnToolsVersion = 10.1;
					};
				};
			};
			buildConfigurationList = ED2FEBC223E99D580078E2E8 /* Build configuration list for PBXProject "encryptDecrypt" */;
			compatibilityVersion = "Xcode 9.3";
			developmentRegion = en;
			hasScannedForEncodings = 0;
			knownRegions = (
				en,
				Base,
			);
			mainGroup = ED2FEBBE23E99D580078E2E8;
			productRefGroup = ED2FEBC823E99D580078E2E8 /* Products */;
			projectDirPath = "";
			projectRoot = "";
			targets = (
				ED2FEBC623E99D580078E2E8 /* encryptDecrypt */,
			);
		};
/* End PBXProject section */

/* Begin PBXResourcesBuildPhase section */
		ED2FEBC523E99D580078E2E8 /* Resources */ = {
			isa = PBXResourcesBuildPhase;
			buildActionMask = 2147483647;
			files = (
				ED2FEBD523E99D590078E2E8 /* LaunchScreen.storyboard in Resources */,
				ED2FEBD223E99D590078E2E8 /* Assets.xcassets in Resources */,
				ED2FEBD023E99D580078E2E8 /* Main.storyboard in Resources */,
			);
			runOnlyForDeploymentPostprocessing = 0;
		};
/* End PBXResourcesBuildPhase section */

/* Begin PBXSourcesBuildPhase section */
		ED2FEBC323E99D580078E2E8 /* Sources */ = {
			isa = PBXSourcesBuildPhase;
			buildActionMask = 2147483647;
			files = (
				ED2FEBE123E99F430078E2E8 /* decryptViewController.swift in Sources */,
				ED2FEBCD23E99D580078E2E8 /* ViewController.swift in Sources */,
				ED2FEBCB23E99D580078E2E8 /* AppDelegate.swift in Sources */,
				ED2FEBDD23E99E280078E2E8 /* encryptViewController.swift in Sources */,
			);
			runOnlyForDeploymentPostprocessing = 0;
		};
/* End PBXSourcesBuildPhase section */

/* Begin PBXVariantGroup section */
		ED2FEBCE23E99D580078E2E8 /* Main.storyboard */ = {
			isa = PBXVariantGroup;
			children = (
				ED2FEBCF23E99D580078E2E8 /* Base */,
			);
			name = Main.storyboard;
			sourceTree = "<group>";
		};
		ED2FEBD323E99D590078E2E8 /* LaunchScreen.storyboard */ = {
			isa = PBXVariantGroup;
			children = (
				ED2FEBD423E99D590078E2E8 /* Base */,
			);
			name = LaunchScreen.storyboard;
			sourceTree = "<group>";
		};
/* End PBXVariantGroup section */

/* Begin XCBuildConfiguration section */
		ED2FEBD723E99D590078E2E8 /* Debug */ = {
			isa = XCBuildConfiguration;
			buildSettings = {
				ALWAYS_SEARCH_USER_PATHS = NO;
				CLANG_ANALYZER_NONNULL = YES;
				CLANG_ANALYZER_NUMBER_OBJECT_CONVERSION = YES_AGGRESSIVE;
				CLANG_CXX_LANGUAGE_STANDARD = "gnu++14";
				CLANG_CXX_LIBRARY = "libc++";
				CLANG_ENABLE_MODULES = YES;
				CLANG_ENABLE_OBJC_ARC = YES;
				CLANG_ENABLE_OBJC_WEAK = YES;
				CLANG_WARN_BLOCK_CAPTURE_AUTORELEASING = YES;
				CLANG_WARN_BOOL_CONVERSION = YES;
				CLANG_WARN_COMMA = YES;
				CLANG_WARN_CONSTANT_CONVERSION = YES;
				CLANG_WARN_DEPRECATED_OBJC_IMPLEMENTATIONS = YES;
				CLANG_WARN_DIRECT_OBJC_ISA_USAGE = YES_ERROR;
				CLANG_WARN_DOCUMENTATION_COMMENTS = YES;
				CLANG_WARN_EMPTY_BODY = YES;
				CLANG_WARN_ENUM_CONVERSION = YES;
				CLANG_WARN_INFINITE_RECURSION = YES;
				CLANG_WARN_INT_CONVERSION = YES;
				CLANG_WARN_NON_LITERAL_NULL_CONVERSION = YES;
				CLANG_WARN_OBJC_IMPLICIT_RETAIN_SELF = YES;
				CLANG_WARN_OBJC_LITERAL_CONVERSION = YES;
				CLANG_WARN_OBJC_ROOT_CLASS = YES_ERROR;
				CLANG_WARN_RANGE_LOOP_ANALYSIS = YES;
				CLANG_WARN_STRICT_PROTOTYPES = YES;
				CLANG_WARN_SUSPICIOUS_MOVE = YES;
				CLANG_WARN_UNGUARDED_AVAILABILITY = YES_AGGRESSIVE;
				CLANG_WARN_UNREACHABLE_CODE = YES;
				CLANG_WARN__DUPLICATE_METHOD_MATCH = YES;
				CODE_SIGN_IDENTITY = "iPhone Developer";
				COPY_PHASE_STRIP = NO;
				DEBUG_INFORMATION_FORMAT = dwarf;
				ENABLE_STRICT_OBJC_MSGSEND = YES;
				ENABLE_TESTABILITY = YES;
				GCC_C_LANGUAGE_STANDARD = gnu11;
				GCC_DYNAMIC_NO_PIC = NO;
				GCC_NO_COMMON_BLOCKS = YES;
				GCC_OPTIMIZATION_LEVEL = 0;
				GCC_PREPROCESSOR_DEFINITIONS = (
					"DEBUG=1",
					"$(inherited)",
				);
				GCC_WARN_64_TO_32_BIT_CONVERSION = YES;
				GCC_WARN_ABOUT_RETURN_TYPE = YES_ERROR;
				GCC_WARN_UNDECLARED_SELECTOR = YES;
				GCC_WARN_UNINITIALIZED_AUTOS = YES_AGGRESSIVE;
				GCC_WARN_UNUSED_FUNCTION = YES;
				GCC_WARN_UNUSED_VARIABLE = YES;
				IPHONEOS_DEPLOYMENT_TARGET = 12.1;
				MTL_ENABLE_DEBUG_INFO = INCLUDE_SOURCE;
				MTL_FAST_MATH = YES;
				ONLY_ACTIVE_ARCH = YES;
				SDKROOT = iphoneos;
				SWIFT_ACTIVE_COMPILATION_CONDITIONS = DEBUG;
				SWIFT_OPTIMIZATION_LEVEL = "-Onone";
			};
			name = Debug;
		};
		ED2FEBD823E99D590078E2E8 /* Release */ = {
			isa = XCBuildConfiguration;
			buildSettings = {
				ALWAYS_SEARCH_USER_PATHS = NO;
				CLANG_ANALYZER_NONNULL = YES;
				CLANG_ANALYZER_NUMBER_OBJECT_CONVERSION = YES_AGGRESSIVE;
				CLANG_CXX_LANGUAGE_STANDARD = "gnu++14";
				CLANG_CXX_LIBRARY = "libc++";
				CLANG_ENABLE_MODULES = YES;
				CLANG_ENABLE_OBJC_ARC = YES;
				CLANG_ENABLE_OBJC_WEAK = YES;
				CLANG_WARN_BLOCK_CAPTURE_AUTORELEASING = YES;
				CLANG_WARN_BOOL_CONVERSION = YES;
				CLANG_WARN_COMMA = YES;
				CLANG_WARN_CONSTANT_CONVERSION = YES;
				CLANG_WARN_DEPRECATED_OBJC_IMPLEMENTATIONS = YES;
				CLANG_WARN_DIRECT_OBJC_ISA_USAGE = YES_ERROR;
				CLANG_WARN_DOCUMENTATION_COMMENTS = YES;
				CLANG_WARN_EMPTY_BODY = YES;
				CLANG_WARN_ENUM_CONVERSION = YES;
				CLANG_WARN_INFINITE_RECURSION = YES;
				CLANG_WARN_INT_CONVERSION = YES;
				CLANG_WARN_NON_LITERAL_NULL_CONVERSION = YES;
				CLANG_WARN_OBJC_IMPLICIT_RETAIN_SELF = YES;
				CLANG_WARN_OBJC_LITERAL_CONVERSION = YES;
				CLANG_WARN_OBJC_ROOT_CLASS = YES_ERROR;
				CLANG_WARN_RANGE_LOOP_ANALYSIS = YES;
				CLANG_WARN_STRICT_PROTOTYPES = YES;
				CLANG_WARN_SUSPICIOUS_MOVE = YES;
				CLANG_WARN_UNGUARDED_AVAILABILITY = YES_AGGRESSIVE;
				CLANG_WARN_UNREACHABLE_CODE = YES;
				CLANG_WARN__DUPLICATE_METHOD_MATCH = YES;
				CODE_SIGN_IDENTITY = "iPhone Developer";
				COPY_PHASE_STRIP = NO;
				DEBUG_INFORMATION_FORMAT = "dwarf-with-dsym";
				ENABLE_NS_ASSERTIONS = NO;
				ENABLE_STRICT_OBJC_MSGSEND = YES;
				GCC_C_LANGUAGE_STANDARD = gnu11;
				GCC_NO_COMMON_BLOCKS = YES;
				GCC_WARN_64_TO_32_BIT_CONVERSION = YES;
				GCC_WARN_ABOUT_RETURN_TYPE = YES_ERROR;
				GCC_WARN_UNDECLARED_SELECTOR = YES;
				GCC_WARN_UNINITIALIZED_AUTOS = YES_AGGRESSIVE;
				GCC_WARN_UNUSED_FUNCTION = YES;
				GCC_WARN_UNUSED_VARIABLE = YES;
				IPHONEOS_DEPLOYMENT_TARGET = 12.1;
				MTL_ENABLE_DEBUG_INFO = NO;
				MTL_FAST_MATH = YES;
				SDKROOT = iphoneos;
				SWIFT_COMPILATION_MODE = wholemodule;
				SWIFT_OPTIMIZATION_LEVEL = "-O";
				VALIDATE_PRODUCT = YES;
			};
			name = Release;
		};
		ED2FEBDA23E99D590078E2E8 /* Debug */ = {
			isa = XCBuildConfiguration;
			buildSettings = {
				ASSETCATALOG_COMPILER_APPICON_NAME = AppIcon;
				CODE_SIGN_STYLE = Automatic;
				INFOPLIST_FILE = encryptDecrypt/Info.plist;
				LD_RUNPATH_SEARCH_PATHS = (
					"$(inherited)",
					"@executable_path/Frameworks",
				);
				PRODUCT_BUNDLE_IDENTIFIER = com.centura.technologies.encryptDecrypt;
				PRODUCT_NAME = "$(TARGET_NAME)";
				SWIFT_VERSION = 4.2;
				TARGETED_DEVICE_FAMILY = "1,2";
			};
			name = Debug;
		};
		ED2FEBDB23E99D590078E2E8 /* Release */ = {
			isa = XCBuildConfiguration;
			buildSettings = {
				ASSETCATALOG_COMPILER_APPICON_NAME = AppIcon;
				CODE_SIGN_STYLE = Automatic;
				INFOPLIST_FILE = encryptDecrypt/Info.plist;
				LD_RUNPATH_SEARCH_PATHS = (
					"$(inherited)",
					"@executable_path/Frameworks",
				);
				PRODUCT_BUNDLE_IDENTIFIER = com.centura.technologies.encryptDecrypt;
				PRODUCT_NAME = "$(TARGET_NAME)";
				SWIFT_VERSION = 4.2;
				TARGETED_DEVICE_FAMILY = "1,2";
			};
			name = Release;
		};
/* End XCBuildConfiguration section */

/* Begin XCConfigurationList section */
		ED2FEBC223E99D580078E2E8 /* Build configuration list for PBXProject "encryptDecrypt" */ = {
			isa = XCConfigurationList;
			buildConfigurations = (
				ED2FEBD723E99D590078E2E8 /* Debug */,
				ED2FEBD823E99D590078E2E8 /* Release */,
			);
			defaultConfigurationIsVisible = 0;
			defaultConfigurationName = Release;
		};
		ED2FEBD923E99D590078E2E8 /* Build configuration list for PBXNativeTarget "encryptDecrypt" */ = {
			isa = XCConfigurationList;
			buildConfigurations = (
				ED2FEBDA23E99D590078E2E8 /* Debug */,
				ED2FEBDB23E99D590078E2E8 /* Release */,
			);
			defaultConfigurationIsVisible = 0;
			defaultConfigurationName = Release;
		};
/* End XCConfigurationList section */
	};
	rootObject = ED2FEBBF23E99D580078E2E8 /* Project object */;
}
